// !$*UTF8*$!
{
	archiveVersion = 1;
	classes = {
	};
	objectVersion = 55;
	objects = {

/* Begin PBXBuildFile section */
		65C4B68A2896020600F37C70 /* GameSearchApp.swift in Sources */ = {isa = PBXBuildFile; fileRef = 65C4B6892896020600F37C70 /* GameSearchApp.swift */; };
		65C4B68C2896020600F37C70 /* HomeView.swift in Sources */ = {isa = PBXBuildFile; fileRef = 65C4B68B2896020600F37C70 /* HomeView.swift */; };
		65C4B68E2896020700F37C70 /* Assets.xcassets in Resources */ = {isa = PBXBuildFile; fileRef = 65C4B68D2896020700F37C70 /* Assets.xcassets */; };
		65C4B6912896020700F37C70 /* Preview Assets.xcassets in Resources */ = {isa = PBXBuildFile; fileRef = 65C4B6902896020700F37C70 /* Preview Assets.xcassets */; };
		65C4B6B52896051500F37C70 /* SearchView.swift in Sources */ = {isa = PBXBuildFile; fileRef = 65C4B6B42896051500F37C70 /* SearchView.swift */; };
		65C4B6B72896052A00F37C70 /* CheckoutView.swift in Sources */ = {isa = PBXBuildFile; fileRef = 65C4B6B62896052A00F37C70 /* CheckoutView.swift */; };
		65C4B6BA289605D800F37C70 /* Localizable.strings in Resources */ = {isa = PBXBuildFile; fileRef = 65C4B6B9289605D800F37C70 /* Localizable.strings */; };
		65C4B6BC2896060600F37C70 /* Strings.swift in Sources */ = {isa = PBXBuildFile; fileRef = 65C4B6BB2896060600F37C70 /* Strings.swift */; };
		65C4B6BF2896084A00F37C70 /* SearchViewModel.swift in Sources */ = {isa = PBXBuildFile; fileRef = 65C4B6BE2896084A00F37C70 /* SearchViewModel.swift */; };
		65C4B6C22896091900F37C70 /* Game.swift in Sources */ = {isa = PBXBuildFile; fileRef = 65C4B6C12896091900F37C70 /* Game.swift */; };
		65C4B6C62896100200F37C70 /* GameRow.swift in Sources */ = {isa = PBXBuildFile; fileRef = 65C4B6C52896100200F37C70 /* GameRow.swift */; };
		65C4B6C9289610CF00F37C70 /* CGFloat+Extenstions.swift in Sources */ = {isa = PBXBuildFile; fileRef = 65C4B6C8289610CF00F37C70 /* CGFloat+Extenstions.swift */; };
		65C4B6CB2896190100F37C70 /* SearchViewModelTests.swift in Sources */ = {isa = PBXBuildFile; fileRef = 65C4B6CA2896190100F37C70 /* SearchViewModelTests.swift */; };
		65C4B6CE28961DE300F37C70 /* APIRequest.swift in Sources */ = {isa = PBXBuildFile; fileRef = 65C4B6CD28961DE300F37C70 /* APIRequest.swift */; };
		65C4B6D028961E3D00F37C70 /* GameSearchResult.swift in Sources */ = {isa = PBXBuildFile; fileRef = 65C4B6CF28961E3D00F37C70 /* GameSearchResult.swift */; };
		65C4B6D228961E6A00F37C70 /* GameImage.swift in Sources */ = {isa = PBXBuildFile; fileRef = 65C4B6D128961E6A00F37C70 /* GameImage.swift */; };
		65C4B6D42896207B00F37C70 /* APIRequestTests.swift in Sources */ = {isa = PBXBuildFile; fileRef = 65C4B6D32896207B00F37C70 /* APIRequestTests.swift */; };
		65C4B6D72896227400F37C70 /* URLProtocolStub.swift in Sources */ = {isa = PBXBuildFile; fileRef = 65C4B6D62896227400F37C70 /* URLProtocolStub.swift */; };
		65C4B6D9289622A800F37C70 /* APIRequestStub.swift in Sources */ = {isa = PBXBuildFile; fileRef = 65C4B6D8289622A800F37C70 /* APIRequestStub.swift */; };
/* End PBXBuildFile section */

/* Begin PBXContainerItemProxy section */
		65C4B6972896020700F37C70 /* PBXContainerItemProxy */ = {
			isa = PBXContainerItemProxy;
			containerPortal = 65C4B67E2896020600F37C70 /* Project object */;
			proxyType = 1;
			remoteGlobalIDString = 65C4B6852896020600F37C70;
			remoteInfo = GameSearchApp;
		};
/* End PBXContainerItemProxy section */

/* Begin PBXFileReference section */
		65C4B6862896020600F37C70 /* GameSearchApp.app */ = {isa = PBXFileReference; explicitFileType = wrapper.application; includeInIndex = 0; path = GameSearchApp.app; sourceTree = BUILT_PRODUCTS_DIR; };
		65C4B6892896020600F37C70 /* GameSearchApp.swift */ = {isa = PBXFileReference; lastKnownFileType = sourcecode.swift; path = GameSearchApp.swift; sourceTree = "<group>"; };
		65C4B68B2896020600F37C70 /* HomeView.swift */ = {isa = PBXFileReference; lastKnownFileType = sourcecode.swift; path = HomeView.swift; sourceTree = "<group>"; };
		65C4B68D2896020700F37C70 /* Assets.xcassets */ = {isa = PBXFileReference; lastKnownFileType = folder.assetcatalog; path = Assets.xcassets; sourceTree = "<group>"; };
		65C4B6902896020700F37C70 /* Preview Assets.xcassets */ = {isa = PBXFileReference; lastKnownFileType = folder.assetcatalog; path = "Preview Assets.xcassets"; sourceTree = "<group>"; };
		65C4B6962896020700F37C70 /* GameSearchAppTests.xctest */ = {isa = PBXFileReference; explicitFileType = wrapper.cfbundle; includeInIndex = 0; path = GameSearchAppTests.xctest; sourceTree = BUILT_PRODUCTS_DIR; };
		65C4B6B42896051500F37C70 /* SearchView.swift */ = {isa = PBXFileReference; lastKnownFileType = sourcecode.swift; path = SearchView.swift; sourceTree = "<group>"; };
		65C4B6B62896052A00F37C70 /* CheckoutView.swift */ = {isa = PBXFileReference; lastKnownFileType = sourcecode.swift; path = CheckoutView.swift; sourceTree = "<group>"; };
		65C4B6B9289605D800F37C70 /* Localizable.strings */ = {isa = PBXFileReference; lastKnownFileType = text.plist.strings; path = Localizable.strings; sourceTree = "<group>"; };
		65C4B6BB2896060600F37C70 /* Strings.swift */ = {isa = PBXFileReference; lastKnownFileType = sourcecode.swift; path = Strings.swift; sourceTree = "<group>"; };
		65C4B6BE2896084A00F37C70 /* SearchViewModel.swift */ = {isa = PBXFileReference; lastKnownFileType = sourcecode.swift; path = SearchViewModel.swift; sourceTree = "<group>"; };
		65C4B6C12896091900F37C70 /* Game.swift */ = {isa = PBXFileReference; lastKnownFileType = sourcecode.swift; path = Game.swift; sourceTree = "<group>"; };
		65C4B6C52896100200F37C70 /* GameRow.swift */ = {isa = PBXFileReference; lastKnownFileType = sourcecode.swift; path = GameRow.swift; sourceTree = "<group>"; };
		65C4B6C8289610CF00F37C70 /* CGFloat+Extenstions.swift */ = {isa = PBXFileReference; lastKnownFileType = sourcecode.swift; path = "CGFloat+Extenstions.swift"; sourceTree = "<group>"; };
		65C4B6CA2896190100F37C70 /* SearchViewModelTests.swift */ = {isa = PBXFileReference; lastKnownFileType = sourcecode.swift; path = SearchViewModelTests.swift; sourceTree = "<group>"; };
		65C4B6CD28961DE300F37C70 /* APIRequest.swift */ = {isa = PBXFileReference; lastKnownFileType = sourcecode.swift; path = APIRequest.swift; sourceTree = "<group>"; };
		65C4B6CF28961E3D00F37C70 /* GameSearchResult.swift */ = {isa = PBXFileReference; lastKnownFileType = sourcecode.swift; path = GameSearchResult.swift; sourceTree = "<group>"; };
		65C4B6D128961E6A00F37C70 /* GameImage.swift */ = {isa = PBXFileReference; lastKnownFileType = sourcecode.swift; path = GameImage.swift; sourceTree = "<group>"; };
		65C4B6D32896207B00F37C70 /* APIRequestTests.swift */ = {isa = PBXFileReference; lastKnownFileType = sourcecode.swift; path = APIRequestTests.swift; sourceTree = "<group>"; };
		65C4B6D62896227400F37C70 /* URLProtocolStub.swift */ = {isa = PBXFileReference; lastKnownFileType = sourcecode.swift; path = URLProtocolStub.swift; sourceTree = "<group>"; };
		65C4B6D8289622A800F37C70 /* APIRequestStub.swift */ = {isa = PBXFileReference; lastKnownFileType = sourcecode.swift; path = APIRequestStub.swift; sourceTree = "<group>"; };
/* End PBXFileReference section */

/* Begin PBXFrameworksBuildPhase section */
		65C4B6832896020600F37C70 /* Frameworks */ = {
			isa = PBXFrameworksBuildPhase;
			buildActionMask = 2147483647;
			files = (
			);
			runOnlyForDeploymentPostprocessing = 0;
		};
		65C4B6932896020700F37C70 /* Frameworks */ = {
			isa = PBXFrameworksBuildPhase;
			buildActionMask = 2147483647;
			files = (
			);
			runOnlyForDeploymentPostprocessing = 0;
		};
/* End PBXFrameworksBuildPhase section */

/* Begin PBXGroup section */
		65C4B67D2896020600F37C70 = {
			isa = PBXGroup;
			children = (
				65C4B6882896020600F37C70 /* GameSearchApp */,
				65C4B6992896020700F37C70 /* GameSearchAppTests */,
				65C4B6872896020600F37C70 /* Products */,
			);
			sourceTree = "<group>";
		};
		65C4B6872896020600F37C70 /* Products */ = {
			isa = PBXGroup;
			children = (
				65C4B6862896020600F37C70 /* GameSearchApp.app */,
				65C4B6962896020700F37C70 /* GameSearchAppTests.xctest */,
			);
			name = Products;
			sourceTree = "<group>";
		};
		65C4B6882896020600F37C70 /* GameSearchApp */ = {
			isa = PBXGroup;
			children = (
				65C4B6C7289610BF00F37C70 /* Extensions */,
				65C4B6C0289608C900F37C70 /* Models */,
				65C4B6CC28961DCA00F37C70 /* Networking */,
				65C4B6B82896057A00F37C70 /* Resources */,
				65C4B6BD2896082400F37C70 /* ViewModels */,
				65C4B6B3289604D600F37C70 /* Views */,
				65C4B6892896020600F37C70 /* GameSearchApp.swift */,
				65C4B68D2896020700F37C70 /* Assets.xcassets */,
				65C4B68F2896020700F37C70 /* Preview Content */,
			);
			path = GameSearchApp;
			sourceTree = "<group>";
		};
		65C4B68F2896020700F37C70 /* Preview Content */ = {
			isa = PBXGroup;
			children = (
				65C4B6902896020700F37C70 /* Preview Assets.xcassets */,
			);
			path = "Preview Content";
			sourceTree = "<group>";
		};
		65C4B6992896020700F37C70 /* GameSearchAppTests */ = {
			isa = PBXGroup;
			children = (
				65C4B6D52896224A00F37C70 /* Helpers */,
				65C4B6D32896207B00F37C70 /* APIRequestTests.swift */,
				65C4B6CA2896190100F37C70 /* SearchViewModelTests.swift */,
			);
			path = GameSearchAppTests;
			sourceTree = "<group>";
		};
		65C4B6B3289604D600F37C70 /* Views */ = {
			isa = PBXGroup;
			children = (
				65C4B6C52896100200F37C70 /* GameRow.swift */,
				65C4B68B2896020600F37C70 /* HomeView.swift */,
				65C4B6B42896051500F37C70 /* SearchView.swift */,
				65C4B6B62896052A00F37C70 /* CheckoutView.swift */,
			);
			path = Views;
			sourceTree = "<group>";
		};
		65C4B6B82896057A00F37C70 /* Resources */ = {
			isa = PBXGroup;
			children = (
				65C4B6B9289605D800F37C70 /* Localizable.strings */,
				65C4B6BB2896060600F37C70 /* Strings.swift */,
			);
			path = Resources;
			sourceTree = "<group>";
		};
		65C4B6BD2896082400F37C70 /* ViewModels */ = {
			isa = PBXGroup;
			children = (
				65C4B6BE2896084A00F37C70 /* SearchViewModel.swift */,
			);
			path = ViewModels;
			sourceTree = "<group>";
		};
		65C4B6C0289608C900F37C70 /* Models */ = {
			isa = PBXGroup;
			children = (
				65C4B6C12896091900F37C70 /* Game.swift */,
				65C4B6D128961E6A00F37C70 /* GameImage.swift */,
				65C4B6CF28961E3D00F37C70 /* GameSearchResult.swift */,
			);
			path = Models;
			sourceTree = "<group>";
		};
		65C4B6C7289610BF00F37C70 /* Extensions */ = {
			isa = PBXGroup;
			children = (
				65C4B6C8289610CF00F37C70 /* CGFloat+Extenstions.swift */,
			);
			path = Extensions;
			sourceTree = "<group>";
		};
		65C4B6CC28961DCA00F37C70 /* Networking */ = {
			isa = PBXGroup;
			children = (
				65C4B6CD28961DE300F37C70 /* APIRequest.swift */,
			);
			path = Networking;
			sourceTree = "<group>";
		};
		65C4B6D52896224A00F37C70 /* Helpers */ = {
			isa = PBXGroup;
			children = (
				65C4B6D8289622A800F37C70 /* APIRequestStub.swift */,
				65C4B6D62896227400F37C70 /* URLProtocolStub.swift */,
			);
			path = Helpers;
			sourceTree = "<group>";
		};
/* End PBXGroup section */

/* Begin PBXNativeTarget section */
		65C4B6852896020600F37C70 /* GameSearchApp */ = {
			isa = PBXNativeTarget;
			buildConfigurationList = 65C4B6AA2896020700F37C70 /* Build configuration list for PBXNativeTarget "GameSearchApp" */;
			buildPhases = (
				65C4B6822896020600F37C70 /* Sources */,
				65C4B6832896020600F37C70 /* Frameworks */,
				65C4B6842896020600F37C70 /* Resources */,
			);
			buildRules = (
			);
			dependencies = (
			);
			name = GameSearchApp;
			productName = GameSearchApp;
			productReference = 65C4B6862896020600F37C70 /* GameSearchApp.app */;
			productType = "com.apple.product-type.application";
		};
		65C4B6952896020700F37C70 /* GameSearchAppTests */ = {
			isa = PBXNativeTarget;
			buildConfigurationList = 65C4B6AD2896020700F37C70 /* Build configuration list for PBXNativeTarget "GameSearchAppTests" */;
			buildPhases = (
				65C4B6922896020700F37C70 /* Sources */,
				65C4B6932896020700F37C70 /* Frameworks */,
				65C4B6942896020700F37C70 /* Resources */,
			);
			buildRules = (
			);
			dependencies = (
				65C4B6982896020700F37C70 /* PBXTargetDependency */,
			);
			name = GameSearchAppTests;
			productName = GameSearchAppTests;
			productReference = 65C4B6962896020700F37C70 /* GameSearchAppTests.xctest */;
			productType = "com.apple.product-type.bundle.unit-test";
		};
/* End PBXNativeTarget section */

/* Begin PBXProject section */
		65C4B67E2896020600F37C70 /* Project object */ = {
			isa = PBXProject;
			attributes = {
				BuildIndependentTargetsInParallel = 1;
				LastSwiftUpdateCheck = 1340;
				LastUpgradeCheck = 1340;
				TargetAttributes = {
					65C4B6852896020600F37C70 = {
						CreatedOnToolsVersion = 13.4;
					};
					65C4B6952896020700F37C70 = {
						CreatedOnToolsVersion = 13.4;
						TestTargetID = 65C4B6852896020600F37C70;
					};
				};
			};
			buildConfigurationList = 65C4B6812896020600F37C70 /* Build configuration list for PBXProject "GameSearchApp" */;
			compatibilityVersion = "Xcode 13.0";
			developmentRegion = en;
			hasScannedForEncodings = 0;
			knownRegions = (
				en,
				Base,
			);
			mainGroup = 65C4B67D2896020600F37C70;
			productRefGroup = 65C4B6872896020600F37C70 /* Products */;
			projectDirPath = "";
			projectRoot = "";
			targets = (
				65C4B6852896020600F37C70 /* GameSearchApp */,
				65C4B6952896020700F37C70 /* GameSearchAppTests */,
			);
		};
/* End PBXProject section */

/* Begin PBXResourcesBuildPhase section */
		65C4B6842896020600F37C70 /* Resources */ = {
			isa = PBXResourcesBuildPhase;
			buildActionMask = 2147483647;
			files = (
				65C4B6912896020700F37C70 /* Preview Assets.xcassets in Resources */,
				65C4B6BA289605D800F37C70 /* Localizable.strings in Resources */,
				65C4B68E2896020700F37C70 /* Assets.xcassets in Resources */,
			);
			runOnlyForDeploymentPostprocessing = 0;
		};
		65C4B6942896020700F37C70 /* Resources */ = {
			isa = PBXResourcesBuildPhase;
			buildActionMask = 2147483647;
			files = (
			);
			runOnlyForDeploymentPostprocessing = 0;
		};
/* End PBXResourcesBuildPhase section */

/* Begin PBXSourcesBuildPhase section */
		65C4B6822896020600F37C70 /* Sources */ = {
			isa = PBXSourcesBuildPhase;
			buildActionMask = 2147483647;
			files = (
				65C4B6BF2896084A00F37C70 /* SearchViewModel.swift in Sources */,
				65C4B68C2896020600F37C70 /* HomeView.swift in Sources */,
				65C4B6C62896100200F37C70 /* GameRow.swift in Sources */,
				65C4B6D228961E6A00F37C70 /* GameImage.swift in Sources */,
				65C4B6C9289610CF00F37C70 /* CGFloat+Extenstions.swift in Sources */,
				65C4B6C22896091900F37C70 /* Game.swift in Sources */,
				65C4B6B52896051500F37C70 /* SearchView.swift in Sources */,
				65C4B6BC2896060600F37C70 /* Strings.swift in Sources */,
				65C4B6D028961E3D00F37C70 /* GameSearchResult.swift in Sources */,
				65C4B6B72896052A00F37C70 /* CheckoutView.swift in Sources */,
				65C4B6CE28961DE300F37C70 /* APIRequest.swift in Sources */,
				65C4B68A2896020600F37C70 /* GameSearchApp.swift in Sources */,
			);
			runOnlyForDeploymentPostprocessing = 0;
		};
		65C4B6922896020700F37C70 /* Sources */ = {
			isa = PBXSourcesBuildPhase;
			buildActionMask = 2147483647;
			files = (
				65C4B6D9289622A800F37C70 /* APIRequestStub.swift in Sources */,
				65C4B6D42896207B00F37C70 /* APIRequestTests.swift in Sources */,
				65C4B6D72896227400F37C70 /* URLProtocolStub.swift in Sources */,
				65C4B6CB2896190100F37C70 /* SearchViewModelTests.swift in Sources */,
			);
			runOnlyForDeploymentPostprocessing = 0;
		};
/* End PBXSourcesBuildPhase section */

/* Begin PBXTargetDependency section */
		65C4B6982896020700F37C70 /* PBXTargetDependency */ = {
			isa = PBXTargetDependency;
			target = 65C4B6852896020600F37C70 /* GameSearchApp */;
			targetProxy = 65C4B6972896020700F37C70 /* PBXContainerItemProxy */;
		};
/* End PBXTargetDependency section */

/* Begin XCBuildConfiguration section */
		65C4B6A82896020700F37C70 /* Debug */ = {
			isa = XCBuildConfiguration;
			buildSettings = {
				ALWAYS_SEARCH_USER_PATHS = NO;
				CLANG_ANALYZER_NONNULL = YES;
				CLANG_ANALYZER_NUMBER_OBJECT_CONVERSION = YES_AGGRESSIVE;
				CLANG_CXX_LANGUAGE_STANDARD = "gnu++17";
				CLANG_ENABLE_MODULES = YES;
				CLANG_ENABLE_OBJC_ARC = YES;
				CLANG_ENABLE_OBJC_WEAK = YES;
				CLANG_WARN_BLOCK_CAPTURE_AUTORELEASING = YES;
				CLANG_WARN_BOOL_CONVERSION = YES;
				CLANG_WARN_COMMA = YES;
				CLANG_WARN_CONSTANT_CONVERSION = YES;
				CLANG_WARN_DEPRECATED_OBJC_IMPLEMENTATIONS = YES;
				CLANG_WARN_DIRECT_OBJC_ISA_USAGE = YES_ERROR;
				CLANG_WARN_DOCUMENTATION_COMMENTS = YES;
				CLANG_WARN_EMPTY_BODY = YES;
				CLANG_WARN_ENUM_CONVERSION = YES;
				CLANG_WARN_INFINITE_RECURSION = YES;
				CLANG_WARN_INT_CONVERSION = YES;
				CLANG_WARN_NON_LITERAL_NULL_CONVERSION = YES;
				CLANG_WARN_OBJC_IMPLICIT_RETAIN_SELF = YES;
				CLANG_WARN_OBJC_LITERAL_CONVERSION = YES;
				CLANG_WARN_OBJC_ROOT_CLASS = YES_ERROR;
				CLANG_WARN_QUOTED_INCLUDE_IN_FRAMEWORK_HEADER = YES;
				CLANG_WARN_RANGE_LOOP_ANALYSIS = YES;
				CLANG_WARN_STRICT_PROTOTYPES = YES;
				CLANG_WARN_SUSPICIOUS_MOVE = YES;
				CLANG_WARN_UNGUARDED_AVAILABILITY = YES_AGGRESSIVE;
				CLANG_WARN_UNREACHABLE_CODE = YES;
				CLANG_WARN__DUPLICATE_METHOD_MATCH = YES;
				COPY_PHASE_STRIP = NO;
				DEBUG_INFORMATION_FORMAT = dwarf;
				ENABLE_STRICT_OBJC_MSGSEND = YES;
				ENABLE_TESTABILITY = YES;
				GCC_C_LANGUAGE_STANDARD = gnu11;
				GCC_DYNAMIC_NO_PIC = NO;
				GCC_NO_COMMON_BLOCKS = YES;
				GCC_OPTIMIZATION_LEVEL = 0;
				GCC_PREPROCESSOR_DEFINITIONS = (
					"DEBUG=1",
					"$(inherited)",
				);
				GCC_WARN_64_TO_32_BIT_CONVERSION = YES;
				GCC_WARN_ABOUT_RETURN_TYPE = YES_ERROR;
				GCC_WARN_UNDECLARED_SELECTOR = YES;
				GCC_WARN_UNINITIALIZED_AUTOS = YES_AGGRESSIVE;
				GCC_WARN_UNUSED_FUNCTION = YES;
				GCC_WARN_UNUSED_VARIABLE = YES;
				IPHONEOS_DEPLOYMENT_TARGET = 15.5;
				MTL_ENABLE_DEBUG_INFO = INCLUDE_SOURCE;
				MTL_FAST_MATH = YES;
				ONLY_ACTIVE_ARCH = YES;
				SDKROOT = iphoneos;
				SWIFT_ACTIVE_COMPILATION_CONDITIONS = DEBUG;
				SWIFT_OPTIMIZATION_LEVEL = "-Onone";
			};
			name = Debug;
		};
		65C4B6A92896020700F37C70 /* Release */ = {
			isa = XCBuildConfiguration;
			buildSettings = {
				ALWAYS_SEARCH_USER_PATHS = NO;
				CLANG_ANALYZER_NONNULL = YES;
				CLANG_ANALYZER_NUMBER_OBJECT_CONVERSION = YES_AGGRESSIVE;
				CLANG_CXX_LANGUAGE_STANDARD = "gnu++17";
				CLANG_ENABLE_MODULES = YES;
				CLANG_ENABLE_OBJC_ARC = YES;
				CLANG_ENABLE_OBJC_WEAK = YES;
				CLANG_WARN_BLOCK_CAPTURE_AUTORELEASING = YES;
				CLANG_WARN_BOOL_CONVERSION = YES;
				CLANG_WARN_COMMA = YES;
				CLANG_WARN_CONSTANT_CONVERSION = YES;
				CLANG_WARN_DEPRECATED_OBJC_IMPLEMENTATIONS = YES;
				CLANG_WARN_DIRECT_OBJC_ISA_USAGE = YES_ERROR;
				CLANG_WARN_DOCUMENTATION_COMMENTS = YES;
				CLANG_WARN_EMPTY_BODY = YES;
				CLANG_WARN_ENUM_CONVERSION = YES;
				CLANG_WARN_INFINITE_RECURSION = YES;
				CLANG_WARN_INT_CONVERSION = YES;
				CLANG_WARN_NON_LITERAL_NULL_CONVERSION = YES;
				CLANG_WARN_OBJC_IMPLICIT_RETAIN_SELF = YES;
				CLANG_WARN_OBJC_LITERAL_CONVERSION = YES;
				CLANG_WARN_OBJC_ROOT_CLASS = YES_ERROR;
				CLANG_WARN_QUOTED_INCLUDE_IN_FRAMEWORK_HEADER = YES;
				CLANG_WARN_RANGE_LOOP_ANALYSIS = YES;
				CLANG_WARN_STRICT_PROTOTYPES = YES;
				CLANG_WARN_SUSPICIOUS_MOVE = YES;
				CLANG_WARN_UNGUARDED_AVAILABILITY = YES_AGGRESSIVE;
				CLANG_WARN_UNREACHABLE_CODE = YES;
				CLANG_WARN__DUPLICATE_METHOD_MATCH = YES;
				COPY_PHASE_STRIP = NO;
				DEBUG_INFORMATION_FORMAT = "dwarf-with-dsym";
				ENABLE_NS_ASSERTIONS = NO;
				ENABLE_STRICT_OBJC_MSGSEND = YES;
				GCC_C_LANGUAGE_STANDARD = gnu11;
				GCC_NO_COMMON_BLOCKS = YES;
				GCC_WARN_64_TO_32_BIT_CONVERSION = YES;
				GCC_WARN_ABOUT_RETURN_TYPE = YES_ERROR;
				GCC_WARN_UNDECLARED_SELECTOR = YES;
				GCC_WARN_UNINITIALIZED_AUTOS = YES_AGGRESSIVE;
				GCC_WARN_UNUSED_FUNCTION = YES;
				GCC_WARN_UNUSED_VARIABLE = YES;
				IPHONEOS_DEPLOYMENT_TARGET = 15.5;
				MTL_ENABLE_DEBUG_INFO = NO;
				MTL_FAST_MATH = YES;
				SDKROOT = iphoneos;
				SWIFT_COMPILATION_MODE = wholemodule;
				SWIFT_OPTIMIZATION_LEVEL = "-O";
				VALIDATE_PRODUCT = YES;
			};
			name = Release;
		};
		65C4B6AB2896020700F37C70 /* Debug */ = {
			isa = XCBuildConfiguration;
			buildSettings = {
				ASSETCATALOG_COMPILER_APPICON_NAME = AppIcon;
				ASSETCATALOG_COMPILER_GLOBAL_ACCENT_COLOR_NAME = AccentColor;
				CODE_SIGN_STYLE = Automatic;
				CURRENT_PROJECT_VERSION = 1;
				DEVELOPMENT_ASSET_PATHS = "\"GameSearchApp/Preview Content\"";
				DEVELOPMENT_TEAM = 7T5A7YWPDY;
				ENABLE_PREVIEWS = YES;
				GENERATE_INFOPLIST_FILE = YES;
				INFOPLIST_KEY_UIApplicationSceneManifest_Generation = YES;
				INFOPLIST_KEY_UIApplicationSupportsIndirectInputEvents = YES;
				INFOPLIST_KEY_UILaunchScreen_Generation = YES;
				INFOPLIST_KEY_UISupportedInterfaceOrientations_iPad = "UIInterfaceOrientationPortrait UIInterfaceOrientationPortraitUpsideDown UIInterfaceOrientationLandscapeLeft UIInterfaceOrientationLandscapeRight";
				INFOPLIST_KEY_UISupportedInterfaceOrientations_iPhone = "UIInterfaceOrientationPortrait UIInterfaceOrientationLandscapeLeft UIInterfaceOrientationLandscapeRight";
				LD_RUNPATH_SEARCH_PATHS = (
					"$(inherited)",
					"@executable_path/Frameworks",
				);
				MARKETING_VERSION = 1.0;
				PRODUCT_BUNDLE_IDENTIFIER = ChadEBrady.GameSearchApp;
				PRODUCT_NAME = "$(TARGET_NAME)";
				SWIFT_EMIT_LOC_STRINGS = YES;
				SWIFT_VERSION = 5.0;
				TARGETED_DEVICE_FAMILY = "1,2";
			};
			name = Debug;
		};
		65C4B6AC2896020700F37C70 /* Release */ = {
			isa = XCBuildConfiguration;
			buildSettings = {
				ASSETCATALOG_COMPILER_APPICON_NAME = AppIcon;
				ASSETCATALOG_COMPILER_GLOBAL_ACCENT_COLOR_NAME = AccentColor;
				CODE_SIGN_STYLE = Automatic;
				CURRENT_PROJECT_VERSION = 1;
				DEVELOPMENT_ASSET_PATHS = "\"GameSearchApp/Preview Content\"";
				DEVELOPMENT_TEAM = 7T5A7YWPDY;
				ENABLE_PREVIEWS = YES;
				GENERATE_INFOPLIST_FILE = YES;
				INFOPLIST_KEY_UIApplicationSceneManifest_Generation = YES;
				INFOPLIST_KEY_UIApplicationSupportsIndirectInputEvents = YES;
				INFOPLIST_KEY_UILaunchScreen_Generation = YES;
				INFOPLIST_KEY_UISupportedInterfaceOrientations_iPad = "UIInterfaceOrientationPortrait UIInterfaceOrientationPortraitUpsideDown UIInterfaceOrientationLandscapeLeft UIInterfaceOrientationLandscapeRight";
				INFOPLIST_KEY_UISupportedInterfaceOrientations_iPhone = "UIInterfaceOrientationPortrait UIInterfaceOrientationLandscapeLeft UIInterfaceOrientationLandscapeRight";
				LD_RUNPATH_SEARCH_PATHS = (
					"$(inherited)",
					"@executable_path/Frameworks",
				);
				MARKETING_VERSION = 1.0;
				PRODUCT_BUNDLE_IDENTIFIER = ChadEBrady.GameSearchApp;
				PRODUCT_NAME = "$(TARGET_NAME)";
				SWIFT_EMIT_LOC_STRINGS = YES;
				SWIFT_VERSION = 5.0;
				TARGETED_DEVICE_FAMILY = "1,2";
			};
			name = Release;
		};
		65C4B6AE2896020700F37C70 /* Debug */ = {
			isa = XCBuildConfiguration;
			buildSettings = {
				ALWAYS_EMBED_SWIFT_STANDARD_LIBRARIES = YES;
				BUNDLE_LOADER = "$(TEST_HOST)";
				CODE_SIGN_STYLE = Automatic;
				CURRENT_PROJECT_VERSION = 1;
				DEVELOPMENT_TEAM = 7T5A7YWPDY;
				GENERATE_INFOPLIST_FILE = YES;
				IPHONEOS_DEPLOYMENT_TARGET = 15.5;
				MARKETING_VERSION = 1.0;
				PRODUCT_BUNDLE_IDENTIFIER = ChadEBrady.GameSearchAppTests;
				PRODUCT_NAME = "$(TARGET_NAME)";
				SWIFT_EMIT_LOC_STRINGS = NO;
				SWIFT_VERSION = 5.0;
				TARGETED_DEVICE_FAMILY = "1,2";
				TEST_HOST = "$(BUILT_PRODUCTS_DIR)/GameSearchApp.app/GameSearchApp";
			};
			name = Debug;
		};
		65C4B6AF2896020700F37C70 /* Release */ = {
			isa = XCBuildConfiguration;
			buildSettings = {
				ALWAYS_EMBED_SWIFT_STANDARD_LIBRARIES = YES;
				BUNDLE_LOADER = "$(TEST_HOST)";
				CODE_SIGN_STYLE = Automatic;
				CURRENT_PROJECT_VERSION = 1;
				DEVELOPMENT_TEAM = 7T5A7YWPDY;
				GENERATE_INFOPLIST_FILE = YES;
				IPHONEOS_DEPLOYMENT_TARGET = 15.5;
				MARKETING_VERSION = 1.0;
				PRODUCT_BUNDLE_IDENTIFIER = ChadEBrady.GameSearchAppTests;
				PRODUCT_NAME = "$(TARGET_NAME)";
				SWIFT_EMIT_LOC_STRINGS = NO;
				SWIFT_VERSION = 5.0;
				TARGETED_DEVICE_FAMILY = "1,2";
				TEST_HOST = "$(BUILT_PRODUCTS_DIR)/GameSearchApp.app/GameSearchApp";
			};
			name = Release;
		};
/* End XCBuildConfiguration section */

/* Begin XCConfigurationList section */
		65C4B6812896020600F37C70 /* Build configuration list for PBXProject "GameSearchApp" */ = {
			isa = XCConfigurationList;
			buildConfigurations = (
				65C4B6A82896020700F37C70 /* Debug */,
				65C4B6A92896020700F37C70 /* Release */,
			);
			defaultConfigurationIsVisible = 0;
			defaultConfigurationName = Release;
		};
		65C4B6AA2896020700F37C70 /* Build configuration list for PBXNativeTarget "GameSearchApp" */ = {
			isa = XCConfigurationList;
			buildConfigurations = (
				65C4B6AB2896020700F37C70 /* Debug */,
				65C4B6AC2896020700F37C70 /* Release */,
			);
			defaultConfigurationIsVisible = 0;
			defaultConfigurationName = Release;
		};
		65C4B6AD2896020700F37C70 /* Build configuration list for PBXNativeTarget "GameSearchAppTests" */ = {
			isa = XCConfigurationList;
			buildConfigurations = (
				65C4B6AE2896020700F37C70 /* Debug */,
				65C4B6AF2896020700F37C70 /* Release */,
			);
			defaultConfigurationIsVisible = 0;
			defaultConfigurationName = Release;
		};
/* End XCConfigurationList section */
	};
	rootObject = 65C4B67E2896020600F37C70 /* Project object */;
}
